
Microsoft Visual Studio Solution File, Format Version 12.00
# Visual Studio Version 16
VisualStudioVersion = 16.0.31410.357
MinimumVisualStudioVersion = 10.0.40219.1
Project("{9A19103F-16F7-4668-BE54-9A1E7A4F7556}") = "SingletonIoC", "SingletonIoC.csproj", "{8FB61A20-23B6-4049-90BA-EBD16489B3E3}"
EndProject
Project("{FAE04EC0-301F-11D3-BF4B-00C04F79EFBC}") = "SigletonIoC.Tests", "..\Sigleton.Tests\SigletonIoC.Tests.csproj", "{A615C073-5E74-4F76-B959-D224F651E820}"
EndProject
Global
	GlobalSection(SolutionConfigurationPlatforms) = preSolution
		Debug|Any CPU = Debug|Any CPU
		Release|Any CPU = Release|Any CPU
	EndGlobalSection
	GlobalSection(ProjectConfigurationPlatforms) = postSolution
		{8FB61A20-23B6-4049-90BA-EBD16489B3E3}.Debug|Any CPU.ActiveCfg = Debug|Any CPU
		{8FB61A20-23B6-4049-90BA-EBD16489B3E3}.Debug|Any CPU.Build.0 = Debug|Any CPU
		{8FB61A20-23B6-4049-90BA-EBD16489B3E3}.Release|Any CPU.ActiveCfg = Release|Any CPU
		{8FB61A20-23B6-4049-90BA-EBD16489B3E3}.Release|Any CPU.Build.0 = Release|Any CPU
		{A615C073-5E74-4F76-B959-D224F651E820}.Debug|Any CPU.ActiveCfg = Debug|Any CPU
		{A615C073-5E74-4F76-B959-D224F651E820}.Debug|Any CPU.Build.0 = Debug|Any CPU
		{A615C073-5E74-4F76-B959-D224F651E820}.Release|Any CPU.ActiveCfg = Release|Any CPU
		{A615C073-5E74-4F76-B959-D224F651E820}.Release|Any CPU.Build.0 = Release|Any CPU
	EndGlobalSection
	GlobalSection(SolutionProperties) = preSolution
		HideSolutionNode = FALSE
	EndGlobalSection
	GlobalSection(ExtensibilityGlobals) = postSolution
		SolutionGuid = {993ABD55-8491-4B3B-977E-1E20D0D299DA}
	EndGlobalSection
EndGlobal
